<?xml version="1.0" encoding="utf-8"?>
<Project ToolsVersion="4.0" xmlns="http://schemas.microsoft.com/developer/msbuild/2003">
  <ItemGroup>
    <Filter Include="소스 파일">
      <UniqueIdentifier>{4FC737F1-C7A5-4376-A066-2A32D752A2FF}</UniqueIdentifier>
      <Extensions>cpp;c;cc;cxx;c++;cppm;ixx;def;odl;idl;hpj;bat;asm;asmx</Extensions>
    </Filter>
    <Filter Include="리소스 파일">
      <UniqueIdentifier>{67DA6AB6-F800-4c08-8B7A-83BB121AAD01}</UniqueIdentifier>
      <Extensions>rc;ico;cur;bmp;dlg;rc2;rct;bin;rgs;gif;jpg;jpeg;jpe;resx;tiff;tif;png;wav;mfcribbon-ms</Extensions>
    </Filter>
    <Filter Include="소스 파일\헤더 파일">
      <UniqueIdentifier>{93995380-89BD-4b04-88EB-625FBE52EBFB}</UniqueIdentifier>
      <Extensions>h;hh;hpp;hxx;h++;hm;inl;inc;ipp;xsd</Extensions>
    </Filter>
  </ItemGroup>
  <ItemGroup>
    <ClCompile Include="2016.cpp">
      <Filter>소스 파일</Filter>
    </ClCompile>
    <ClCompile Include="가운데 글자.cpp">
      <Filter>소스 파일</Filter>
    </ClCompile>
    <ClCompile Include="문자열 정렬하기.cpp">
      <Filter>소스 파일</Filter>
    </ClCompile>
    <ClCompile Include="수박수박수박수.cpp">
      <Filter>소스 파일</Filter>
    </ClCompile>
    <ClCompile Include="벡터 내적.cpp">
      <Filter>소스 파일</Filter>
    </ClCompile>
    <ClCompile Include="이상한 글자 만들기.cpp">
      <Filter>소스 파일</Filter>
    </ClCompile>
    <ClCompile Include="자연수 뒤집어 배열만들기.cpp">
      <Filter>소스 파일</Filter>
    </ClCompile>
    <ClCompile Include="짝수 홀수.cpp">
      <Filter>소스 파일</Filter>
    </ClCompile>
    <ClCompile Include="배열 평균구하기.cpp">
      <Filter>소스 파일</Filter>
    </ClCompile>
    <ClCompile Include="핸드폰 번호가리기.cpp">
      <Filter>소스 파일</Filter>
    </ClCompile>
    <ClCompile Include="하샤드 수.cpp">
      <Filter>소스 파일</Filter>
    </ClCompile>
    <ClCompile Include="콜라츠 추측.cpp">
      <Filter>소스 파일</Filter>
    </ClCompile>
    <ClCompile Include="정수 제곱근 판별.cpp">
      <Filter>소스 파일</Filter>
    </ClCompile>
    <ClCompile Include="자릿수 더하기.cpp">
      <Filter>소스 파일</Filter>
    </ClCompile>
    <ClCompile Include="약수의 합.cpp">
      <Filter>소스 파일</Filter>
    </ClCompile>
    <ClCompile Include="문자열을 정수로.cpp">
      <Filter>소스 파일</Filter>
    </ClCompile>
    <ClCompile Include="문자열 다루기 기본.cpp">
      <Filter>소스 파일</Filter>
    </ClCompile>
    <ClCompile Include="두 정수 사이의 수의 합.cpp">
      <Filter>소스 파일</Filter>
    </ClCompile>
    <ClCompile Include="두개 뽑아서 더하기.cpp">
      <Filter>소스 파일</Filter>
    </ClCompile>
    <ClCompile Include="3진법뒤집기.cpp">
      <Filter>소스 파일</Filter>
    </ClCompile>
    <ClCompile Include="직사각형 별찍기.cpp">
      <Filter>소스 파일</Filter>
    </ClCompile>
    <ClCompile Include="소수찾기.cpp">
      <Filter>소스 파일</Filter>
    </ClCompile>
    <ClCompile Include="같은 숫자는 싫어.cpp">
      <Filter>소스 파일</Filter>
    </ClCompile>
    <ClCompile Include="수포자.cpp">
      <Filter>소스 파일</Filter>
    </ClCompile>
    <ClCompile Include="완주하지못한 선수.cpp">
      <Filter>소스 파일</Filter>
    </ClCompile>
    <ClCompile Include="제일 작은 수.cpp">
      <Filter>소스 파일</Filter>
    </ClCompile>
    <ClCompile Include="최대공약수와 최소공배수.cpp">
      <Filter>소스 파일</Filter>
    </ClCompile>
    <ClCompile Include="서울에서 김서방 찾기.cpp">
      <Filter>소스 파일</Filter>
    </ClCompile>
    <ClCompile Include="나누어 떨어지는 숫자배열.cpp">
      <Filter>소스 파일</Filter>
    </ClCompile>
    <ClCompile Include="p와 y의 개수.cpp">
      <Filter>소스 파일</Filter>
    </ClCompile>
    <ClCompile Include="x만큼 간격이 있는 n개 숫자.cpp">
      <Filter>소스 파일</Filter>
    </ClCompile>
    <ClCompile Include="행렬의 덧셈.cpp">
      <Filter>소스 파일</Filter>
    </ClCompile>
    <ClCompile Include="시저암호.cpp">
      <Filter>소스 파일</Filter>
    </ClCompile>
    <ClCompile Include="문자열 내마음대로 정렬하기.cpp">
      <Filter>소스 파일</Filter>
    </ClCompile>
    <ClCompile Include="정수내림차순으로 정렬하기.cpp">
      <Filter>소스 파일</Filter>
    </ClCompile>
    <ClCompile Include="k번째 수 .cpp">
      <Filter>소스 파일</Filter>
    </ClCompile>
    <ClCompile Include="체육복.cpp">
      <Filter>소스 파일</Filter>
    </ClCompile>
    <ClCompile Include="실패율(카카오).cpp">
      <Filter>소스 파일</Filter>
    </ClCompile>
    <ClCompile Include="인형뽑기(카카오).cpp">
      <Filter>소스 파일</Filter>
    </ClCompile>
    <ClCompile Include="예산(카카오).cpp">
      <Filter>소스 파일</Filter>
    </ClCompile>
    <ClCompile Include="보물지도.cpp">
      <Filter>소스 파일</Filter>
    </ClCompile>
    <ClCompile Include="다트게임.cpp">
      <Filter>소스 파일</Filter>
    </ClCompile>
    <ClCompile Include="키패드 누르기%28카카오%29.cpp">
      <Filter>소스 파일</Filter>
    </ClCompile>
    <ClCompile Include="신규 아이디 추천%28카카오%29.cpp">
      <Filter>소스 파일</Filter>
    </ClCompile>
  </ItemGroup>
</Project>